// !$*UTF8*$!
{
	archiveVersion = 1;
	classes = {
	};
	objectVersion = 50;
	objects = {

/* Begin PBXBuildFile section */
		CE94634B22E50C5A002EB5C7 /* AppDelegate.swift in Sources */ = {isa = PBXBuildFile; fileRef = CE94634A22E50C5A002EB5C7 /* AppDelegate.swift */; };
		CE94634D22E50C5A002EB5C7 /* SceneDelegate.swift in Sources */ = {isa = PBXBuildFile; fileRef = CE94634C22E50C5A002EB5C7 /* SceneDelegate.swift */; };
		CE94634F22E50C5A002EB5C7 /* MainView.swift in Sources */ = {isa = PBXBuildFile; fileRef = CE94634E22E50C5A002EB5C7 /* MainView.swift */; };
		CE94635122E50C5C002EB5C7 /* Assets.xcassets in Resources */ = {isa = PBXBuildFile; fileRef = CE94635022E50C5C002EB5C7 /* Assets.xcassets */; };
		CE94635422E50C5C002EB5C7 /* Preview Assets.xcassets in Resources */ = {isa = PBXBuildFile; fileRef = CE94635322E50C5C002EB5C7 /* Preview Assets.xcassets */; };
		CE94635722E50C5C002EB5C7 /* LaunchScreen.storyboard in Resources */ = {isa = PBXBuildFile; fileRef = CE94635522E50C5C002EB5C7 /* LaunchScreen.storyboard */; };
		CE94637B22E50CF7002EB5C7 /* Concern.swift in Sources */ = {isa = PBXBuildFile; fileRef = CE94637A22E50CF7002EB5C7 /* Concern.swift */; };
		CE94637F22E50F2C002EB5C7 /* Utilities.swift in Sources */ = {isa = PBXBuildFile; fileRef = CE94637E22E50F2C002EB5C7 /* Utilities.swift */; };
		CE94638222E50F54002EB5C7 /* TimerService.swift in Sources */ = {isa = PBXBuildFile; fileRef = CE94638122E50F54002EB5C7 /* TimerService.swift */; };
		CE94638522E51023002EB5C7 /* MainViewModel.swift in Sources */ = {isa = PBXBuildFile; fileRef = CE94638422E51023002EB5C7 /* MainViewModel.swift */; };
		CE94638822E5110D002EB5C7 /* AppDependencies.swift in Sources */ = {isa = PBXBuildFile; fileRef = CE94638722E5110D002EB5C7 /* AppDependencies.swift */; };
		CE94638A22E51186002EB5C7 /* ConcernAPIService.swift in Sources */ = {isa = PBXBuildFile; fileRef = CE94638922E51186002EB5C7 /* ConcernAPIService.swift */; };
		CE94639422E52237002EB5C7 /* ConcernAPITests.swift in Sources */ = {isa = PBXBuildFile; fileRef = CE94639322E52237002EB5C7 /* ConcernAPITests.swift */; };
/* End PBXBuildFile section */

/* Begin PBXContainerItemProxy section */
		CE94639622E52237002EB5C7 /* PBXContainerItemProxy */ = {
			isa = PBXContainerItemProxy;
			containerPortal = CE94633F22E50C5A002EB5C7 /* Project object */;
			proxyType = 1;
			remoteGlobalIDString = CE94634622E50C5A002EB5C7;
			remoteInfo = PICeTimer;
		};
/* End PBXContainerItemProxy section */

/* Begin PBXFileReference section */
		CE94634722E50C5A002EB5C7 /* PICeTimer.app */ = {isa = PBXFileReference; explicitFileType = wrapper.application; includeInIndex = 0; path = PICeTimer.app; sourceTree = BUILT_PRODUCTS_DIR; };
		CE94634A22E50C5A002EB5C7 /* AppDelegate.swift */ = {isa = PBXFileReference; lastKnownFileType = sourcecode.swift; path = AppDelegate.swift; sourceTree = "<group>"; };
		CE94634C22E50C5A002EB5C7 /* SceneDelegate.swift */ = {isa = PBXFileReference; lastKnownFileType = sourcecode.swift; path = SceneDelegate.swift; sourceTree = "<group>"; };
		CE94634E22E50C5A002EB5C7 /* MainView.swift */ = {isa = PBXFileReference; lastKnownFileType = sourcecode.swift; path = MainView.swift; sourceTree = "<group>"; };
		CE94635022E50C5C002EB5C7 /* Assets.xcassets */ = {isa = PBXFileReference; lastKnownFileType = folder.assetcatalog; path = Assets.xcassets; sourceTree = "<group>"; };
		CE94635322E50C5C002EB5C7 /* Preview Assets.xcassets */ = {isa = PBXFileReference; lastKnownFileType = folder.assetcatalog; path = "Preview Assets.xcassets"; sourceTree = "<group>"; };
		CE94635622E50C5C002EB5C7 /* Base */ = {isa = PBXFileReference; lastKnownFileType = file.storyboard; name = Base; path = Base.lproj/LaunchScreen.storyboard; sourceTree = "<group>"; };
		CE94635822E50C5C002EB5C7 /* Info.plist */ = {isa = PBXFileReference; lastKnownFileType = text.plist.xml; path = Info.plist; sourceTree = "<group>"; };
		CE94637A22E50CF7002EB5C7 /* Concern.swift */ = {isa = PBXFileReference; lastKnownFileType = sourcecode.swift; path = Concern.swift; sourceTree = "<group>"; };
		CE94637E22E50F2C002EB5C7 /* Utilities.swift */ = {isa = PBXFileReference; lastKnownFileType = sourcecode.swift; path = Utilities.swift; sourceTree = "<group>"; };
		CE94638122E50F54002EB5C7 /* TimerService.swift */ = {isa = PBXFileReference; lastKnownFileType = sourcecode.swift; path = TimerService.swift; sourceTree = "<group>"; };
		CE94638422E51023002EB5C7 /* MainViewModel.swift */ = {isa = PBXFileReference; lastKnownFileType = sourcecode.swift; path = MainViewModel.swift; sourceTree = "<group>"; };
		CE94638722E5110D002EB5C7 /* AppDependencies.swift */ = {isa = PBXFileReference; lastKnownFileType = sourcecode.swift; path = AppDependencies.swift; sourceTree = "<group>"; };
		CE94638922E51186002EB5C7 /* ConcernAPIService.swift */ = {isa = PBXFileReference; lastKnownFileType = sourcecode.swift; path = ConcernAPIService.swift; sourceTree = "<group>"; };
		CE94639122E52237002EB5C7 /* PICeTimerTests.xctest */ = {isa = PBXFileReference; explicitFileType = wrapper.cfbundle; includeInIndex = 0; path = PICeTimerTests.xctest; sourceTree = BUILT_PRODUCTS_DIR; };
		CE94639322E52237002EB5C7 /* ConcernAPITests.swift */ = {isa = PBXFileReference; lastKnownFileType = sourcecode.swift; path = ConcernAPITests.swift; sourceTree = "<group>"; };
		CE94639522E52237002EB5C7 /* Info.plist */ = {isa = PBXFileReference; lastKnownFileType = text.plist.xml; path = Info.plist; sourceTree = "<group>"; };
/* End PBXFileReference section */

/* Begin PBXFrameworksBuildPhase section */
		CE94634422E50C5A002EB5C7 /* Frameworks */ = {
			isa = PBXFrameworksBuildPhase;
			buildActionMask = 2147483647;
			files = (
			);
			runOnlyForDeploymentPostprocessing = 0;
		};
		CE94638E22E52237002EB5C7 /* Frameworks */ = {
			isa = PBXFrameworksBuildPhase;
			buildActionMask = 2147483647;
			files = (
			);
			runOnlyForDeploymentPostprocessing = 0;
		};
/* End PBXFrameworksBuildPhase section */

/* Begin PBXGroup section */
		CE94633E22E50C5A002EB5C7 = {
			isa = PBXGroup;
			children = (
				CE94634922E50C5A002EB5C7 /* PICeTimer */,
				CE94639222E52237002EB5C7 /* PICeTimerTests */,
				CE94634822E50C5A002EB5C7 /* Products */,
			);
			sourceTree = "<group>";
		};
		CE94634822E50C5A002EB5C7 /* Products */ = {
			isa = PBXGroup;
			children = (
				CE94634722E50C5A002EB5C7 /* PICeTimer.app */,
				CE94639122E52237002EB5C7 /* PICeTimerTests.xctest */,
			);
			name = Products;
			sourceTree = "<group>";
		};
		CE94634922E50C5A002EB5C7 /* PICeTimer */ = {
			isa = PBXGroup;
			children = (
				CE94634A22E50C5A002EB5C7 /* AppDelegate.swift */,
				CE94634C22E50C5A002EB5C7 /* SceneDelegate.swift */,
				CE94638322E50F64002EB5C7 /* Library */,
				CE94638022E50F46002EB5C7 /* Services */,
				CE94637D22E50F03002EB5C7 /* Views */,
				CE94638622E51027002EB5C7 /* ViewModels */,
				CE94637C22E50ECC002EB5C7 /* Model */,
				CE94635022E50C5C002EB5C7 /* Assets.xcassets */,
				CE94635522E50C5C002EB5C7 /* LaunchScreen.storyboard */,
				CE94635822E50C5C002EB5C7 /* Info.plist */,
				CE94635222E50C5C002EB5C7 /* Preview Content */,
			);
			path = PICeTimer;
			sourceTree = "<group>";
		};
		CE94635222E50C5C002EB5C7 /* Preview Content */ = {
			isa = PBXGroup;
			children = (
				CE94635322E50C5C002EB5C7 /* Preview Assets.xcassets */,
			);
			path = "Preview Content";
			sourceTree = "<group>";
		};
		CE94637C22E50ECC002EB5C7 /* Model */ = {
			isa = PBXGroup;
			children = (
				CE94637A22E50CF7002EB5C7 /* Concern.swift */,
			);
			path = Model;
			sourceTree = "<group>";
		};
		CE94637D22E50F03002EB5C7 /* Views */ = {
			isa = PBXGroup;
			children = (
				CE94634E22E50C5A002EB5C7 /* MainView.swift */,
			);
			path = Views;
			sourceTree = "<group>";
		};
		CE94638022E50F46002EB5C7 /* Services */ = {
			isa = PBXGroup;
			children = (
				CE94638722E5110D002EB5C7 /* AppDependencies.swift */,
				CE94638122E50F54002EB5C7 /* TimerService.swift */,
				CE94638922E51186002EB5C7 /* ConcernAPIService.swift */,
			);
			path = Services;
			sourceTree = "<group>";
		};
		CE94638322E50F64002EB5C7 /* Library */ = {
			isa = PBXGroup;
			children = (
				CE94637E22E50F2C002EB5C7 /* Utilities.swift */,
			);
			path = Library;
			sourceTree = "<group>";
		};
		CE94638622E51027002EB5C7 /* ViewModels */ = {
			isa = PBXGroup;
			children = (
				CE94638422E51023002EB5C7 /* MainViewModel.swift */,
			);
			path = ViewModels;
			sourceTree = "<group>";
		};
		CE94639222E52237002EB5C7 /* PICeTimerTests */ = {
			isa = PBXGroup;
			children = (
				CE94639322E52237002EB5C7 /* ConcernAPITests.swift */,
				CE94639522E52237002EB5C7 /* Info.plist */,
			);
			path = PICeTimerTests;
			sourceTree = "<group>";
		};
/* End PBXGroup section */

/* Begin PBXNativeTarget section */
		CE94634622E50C5A002EB5C7 /* PICeTimer */ = {
			isa = PBXNativeTarget;
			buildConfigurationList = CE94637122E50C5C002EB5C7 /* Build configuration list for PBXNativeTarget "PICeTimer" */;
			buildPhases = (
				CE94634322E50C5A002EB5C7 /* Sources */,
				CE94634422E50C5A002EB5C7 /* Frameworks */,
				CE94634522E50C5A002EB5C7 /* Resources */,
			);
			buildRules = (
			);
			dependencies = (
			);
			name = PICeTimer;
			productName = PICeTimer;
			productReference = CE94634722E50C5A002EB5C7 /* PICeTimer.app */;
			productType = "com.apple.product-type.application";
		};
		CE94639022E52237002EB5C7 /* PICeTimerTests */ = {
			isa = PBXNativeTarget;
			buildConfigurationList = CE94639822E52237002EB5C7 /* Build configuration list for PBXNativeTarget "PICeTimerTests" */;
			buildPhases = (
				CE94638D22E52237002EB5C7 /* Sources */,
				CE94638E22E52237002EB5C7 /* Frameworks */,
				CE94638F22E52237002EB5C7 /* Resources */,
			);
			buildRules = (
			);
			dependencies = (
				CE94639722E52237002EB5C7 /* PBXTargetDependency */,
			);
			name = PICeTimerTests;
			productName = PICeTimerTests;
			productReference = CE94639122E52237002EB5C7 /* PICeTimerTests.xctest */;
			productType = "com.apple.product-type.bundle.unit-test";
		};
/* End PBXNativeTarget section */

/* Begin PBXProject section */
		CE94633F22E50C5A002EB5C7 /* Project object */ = {
			isa = PBXProject;
			attributes = {
				LastSwiftUpdateCheck = 1100;
				LastUpgradeCheck = 1100;
				ORGANIZATIONNAME = "Adrian Ward";
				TargetAttributes = {
					CE94634622E50C5A002EB5C7 = {
						CreatedOnToolsVersion = 11.0;
					};
					CE94639022E52237002EB5C7 = {
						CreatedOnToolsVersion = 11.0;
						TestTargetID = CE94634622E50C5A002EB5C7;
					};
				};
			};
			buildConfigurationList = CE94634222E50C5A002EB5C7 /* Build configuration list for PBXProject "PICeTimer" */;
			compatibilityVersion = "Xcode 9.3";
			developmentRegion = en;
			hasScannedForEncodings = 0;
			knownRegions = (
				en,
				Base,
			);
			mainGroup = CE94633E22E50C5A002EB5C7;
			productRefGroup = CE94634822E50C5A002EB5C7 /* Products */;
			projectDirPath = "";
			projectRoot = "";
			targets = (
				CE94634622E50C5A002EB5C7 /* PICeTimer */,
				CE94639022E52237002EB5C7 /* PICeTimerTests */,
			);
		};
/* End PBXProject section */

/* Begin PBXResourcesBuildPhase section */
		CE94634522E50C5A002EB5C7 /* Resources */ = {
			isa = PBXResourcesBuildPhase;
			buildActionMask = 2147483647;
			files = (
				CE94635722E50C5C002EB5C7 /* LaunchScreen.storyboard in Resources */,
				CE94635422E50C5C002EB5C7 /* Preview Assets.xcassets in Resources */,
				CE94635122E50C5C002EB5C7 /* Assets.xcassets in Resources */,
			);
			runOnlyForDeploymentPostprocessing = 0;
		};
		CE94638F22E52237002EB5C7 /* Resources */ = {
			isa = PBXResourcesBuildPhase;
			buildActionMask = 2147483647;
			files = (
			);
			runOnlyForDeploymentPostprocessing = 0;
		};
/* End PBXResourcesBuildPhase section */

/* Begin PBXSourcesBuildPhase section */
		CE94634322E50C5A002EB5C7 /* Sources */ = {
			isa = PBXSourcesBuildPhase;
			buildActionMask = 2147483647;
			files = (
				CE94638A22E51186002EB5C7 /* ConcernAPIService.swift in Sources */,
				CE94638822E5110D002EB5C7 /* AppDependencies.swift in Sources */,
				CE94638522E51023002EB5C7 /* MainViewModel.swift in Sources */,
				CE94637B22E50CF7002EB5C7 /* Concern.swift in Sources */,
				CE94634B22E50C5A002EB5C7 /* AppDelegate.swift in Sources */,
				CE94634D22E50C5A002EB5C7 /* SceneDelegate.swift in Sources */,
				CE94638222E50F54002EB5C7 /* TimerService.swift in Sources */,
				CE94637F22E50F2C002EB5C7 /* Utilities.swift in Sources */,
				CE94634F22E50C5A002EB5C7 /* MainView.swift in Sources */,
			);
			runOnlyForDeploymentPostprocessing = 0;
		};
		CE94638D22E52237002EB5C7 /* Sources */ = {
			isa = PBXSourcesBuildPhase;
			buildActionMask = 2147483647;
			files = (
				CE94639422E52237002EB5C7 /* ConcernAPITests.swift in Sources */,
			);
			runOnlyForDeploymentPostprocessing = 0;
		};
/* End PBXSourcesBuildPhase section */

/* Begin PBXTargetDependency section */
		CE94639722E52237002EB5C7 /* PBXTargetDependency */ = {
			isa = PBXTargetDependency;
			target = CE94634622E50C5A002EB5C7 /* PICeTimer */;
			targetProxy = CE94639622E52237002EB5C7 /* PBXContainerItemProxy */;
		};
/* End PBXTargetDependency section */

/* Begin PBXVariantGroup section */
		CE94635522E50C5C002EB5C7 /* LaunchScreen.storyboard */ = {
			isa = PBXVariantGroup;
			children = (
				CE94635622E50C5C002EB5C7 /* Base */,
			);
			name = LaunchScreen.storyboard;
			sourceTree = "<group>";
		};
/* End PBXVariantGroup section */

/* Begin XCBuildConfiguration section */
		CE94636F22E50C5C002EB5C7 /* Debug */ = {
			isa = XCBuildConfiguration;
			buildSettings = {
				ALWAYS_SEARCH_USER_PATHS = NO;
				CLANG_ANALYZER_NONNULL = YES;
				CLANG_ANALYZER_NUMBER_OBJECT_CONVERSION = YES_AGGRESSIVE;
				CLANG_CXX_LANGUAGE_STANDARD = "gnu++14";
				CLANG_CXX_LIBRARY = "libc++";
				CLANG_ENABLE_MODULES = YES;
				CLANG_ENABLE_OBJC_ARC = YES;
				CLANG_ENABLE_OBJC_WEAK = YES;
				CLANG_WARN_BLOCK_CAPTURE_AUTORELEASING = YES;
				CLANG_WARN_BOOL_CONVERSION = YES;
				CLANG_WARN_COMMA = YES;
				CLANG_WARN_CONSTANT_CONVERSION = YES;
				CLANG_WARN_DEPRECATED_OBJC_IMPLEMENTATIONS = YES;
				CLANG_WARN_DIRECT_OBJC_ISA_USAGE = YES_ERROR;
				CLANG_WARN_DOCUMENTATION_COMMENTS = YES;
				CLANG_WARN_EMPTY_BODY = YES;
				CLANG_WARN_ENUM_CONVERSION = YES;
				CLANG_WARN_INFINITE_RECURSION = YES;
				CLANG_WARN_INT_CONVERSION = YES;
				CLANG_WARN_NON_LITERAL_NULL_CONVERSION = YES;
				CLANG_WARN_OBJC_IMPLICIT_RETAIN_SELF = YES;
				CLANG_WARN_OBJC_LITERAL_CONVERSION = YES;
				CLANG_WARN_OBJC_ROOT_CLASS = YES_ERROR;
				CLANG_WARN_RANGE_LOOP_ANALYSIS = YES;
				CLANG_WARN_STRICT_PROTOTYPES = YES;
				CLANG_WARN_SUSPICIOUS_MOVE = YES;
				CLANG_WARN_UNGUARDED_AVAILABILITY = YES_AGGRESSIVE;
				CLANG_WARN_UNREACHABLE_CODE = YES;
				CLANG_WARN__DUPLICATE_METHOD_MATCH = YES;
				COPY_PHASE_STRIP = NO;
				DEBUG_INFORMATION_FORMAT = dwarf;
				ENABLE_STRICT_OBJC_MSGSEND = YES;
				ENABLE_TESTABILITY = YES;
				GCC_C_LANGUAGE_STANDARD = gnu11;
				GCC_DYNAMIC_NO_PIC = NO;
				GCC_NO_COMMON_BLOCKS = YES;
				GCC_OPTIMIZATION_LEVEL = 0;
				GCC_PREPROCESSOR_DEFINITIONS = (
					"DEBUG=1",
					"$(inherited)",
				);
				GCC_WARN_64_TO_32_BIT_CONVERSION = YES;
				GCC_WARN_ABOUT_RETURN_TYPE = YES_ERROR;
				GCC_WARN_UNDECLARED_SELECTOR = YES;
				GCC_WARN_UNINITIALIZED_AUTOS = YES_AGGRESSIVE;
				GCC_WARN_UNUSED_FUNCTION = YES;
				GCC_WARN_UNUSED_VARIABLE = YES;
				IPHONEOS_DEPLOYMENT_TARGET = 13.0;
				MTL_ENABLE_DEBUG_INFO = INCLUDE_SOURCE;
				MTL_FAST_MATH = YES;
				ONLY_ACTIVE_ARCH = YES;
				SDKROOT = iphoneos;
				SWIFT_ACTIVE_COMPILATION_CONDITIONS = DEBUG;
				SWIFT_OPTIMIZATION_LEVEL = "-Onone";
			};
			name = Debug;
		};
		CE94637022E50C5C002EB5C7 /* Release */ = {
			isa = XCBuildConfiguration;
			buildSettings = {
				ALWAYS_SEARCH_USER_PATHS = NO;
				CLANG_ANALYZER_NONNULL = YES;
				CLANG_ANALYZER_NUMBER_OBJECT_CONVERSION = YES_AGGRESSIVE;
				CLANG_CXX_LANGUAGE_STANDARD = "gnu++14";
				CLANG_CXX_LIBRARY = "libc++";
				CLANG_ENABLE_MODULES = YES;
				CLANG_ENABLE_OBJC_ARC = YES;
				CLANG_ENABLE_OBJC_WEAK = YES;
				CLANG_WARN_BLOCK_CAPTURE_AUTORELEASING = YES;
				CLANG_WARN_BOOL_CONVERSION = YES;
				CLANG_WARN_COMMA = YES;
				CLANG_WARN_CONSTANT_CONVERSION = YES;
				CLANG_WARN_DEPRECATED_OBJC_IMPLEMENTATIONS = YES;
				CLANG_WARN_DIRECT_OBJC_ISA_USAGE = YES_ERROR;
				CLANG_WARN_DOCUMENTATION_COMMENTS = YES;
				CLANG_WARN_EMPTY_BODY = YES;
				CLANG_WARN_ENUM_CONVERSION = YES;
				CLANG_WARN_INFINITE_RECURSION = YES;
				CLANG_WARN_INT_CONVERSION = YES;
				CLANG_WARN_NON_LITERAL_NULL_CONVERSION = YES;
				CLANG_WARN_OBJC_IMPLICIT_RETAIN_SELF = YES;
				CLANG_WARN_OBJC_LITERAL_CONVERSION = YES;
				CLANG_WARN_OBJC_ROOT_CLASS = YES_ERROR;
				CLANG_WARN_RANGE_LOOP_ANALYSIS = YES;
				CLANG_WARN_STRICT_PROTOTYPES = YES;
				CLANG_WARN_SUSPICIOUS_MOVE = YES;
				CLANG_WARN_UNGUARDED_AVAILABILITY = YES_AGGRESSIVE;
				CLANG_WARN_UNREACHABLE_CODE = YES;
				CLANG_WARN__DUPLICATE_METHOD_MATCH = YES;
				COPY_PHASE_STRIP = NO;
				DEBUG_INFORMATION_FORMAT = "dwarf-with-dsym";
				ENABLE_NS_ASSERTIONS = NO;
				ENABLE_STRICT_OBJC_MSGSEND = YES;
				GCC_C_LANGUAGE_STANDARD = gnu11;
				GCC_NO_COMMON_BLOCKS = YES;
				GCC_WARN_64_TO_32_BIT_CONVERSION = YES;
				GCC_WARN_ABOUT_RETURN_TYPE = YES_ERROR;
				GCC_WARN_UNDECLARED_SELECTOR = YES;
				GCC_WARN_UNINITIALIZED_AUTOS = YES_AGGRESSIVE;
				GCC_WARN_UNUSED_FUNCTION = YES;
				GCC_WARN_UNUSED_VARIABLE = YES;
				IPHONEOS_DEPLOYMENT_TARGET = 13.0;
				MTL_ENABLE_DEBUG_INFO = NO;
				MTL_FAST_MATH = YES;
				SDKROOT = iphoneos;
				SWIFT_COMPILATION_MODE = wholemodule;
				SWIFT_OPTIMIZATION_LEVEL = "-O";
				VALIDATE_PRODUCT = YES;
			};
			name = Release;
		};
		CE94637222E50C5C002EB5C7 /* Debug */ = {
			isa = XCBuildConfiguration;
			buildSettings = {
				ASSETCATALOG_COMPILER_APPICON_NAME = AppIcon;
				CODE_SIGN_STYLE = Automatic;
				DEVELOPMENT_ASSET_PATHS = "PICeTimer/Preview\\ Content";
				DEVELOPMENT_TEAM = 3LRB59KU97;
				ENABLE_PREVIEWS = YES;
				INFOPLIST_FILE = PICeTimer/Info.plist;
				LD_RUNPATH_SEARCH_PATHS = (
					"$(inherited)",
					"@executable_path/Frameworks",
				);
				PRODUCT_BUNDLE_IDENTIFIER = uk.co.awardvetsci.PICeTimer;
				PRODUCT_NAME = "$(TARGET_NAME)";
				SWIFT_VERSION = 5.0;
				TARGETED_DEVICE_FAMILY = "1,2";
			};
			name = Debug;
		};
		CE94637322E50C5C002EB5C7 /* Release */ = {
			isa = XCBuildConfiguration;
			buildSettings = {
				ASSETCATALOG_COMPILER_APPICON_NAME = AppIcon;
				CODE_SIGN_STYLE = Automatic;
				DEVELOPMENT_ASSET_PATHS = "PICeTimer/Preview\\ Content";
				DEVELOPMENT_TEAM = 3LRB59KU97;
				ENABLE_PREVIEWS = YES;
				INFOPLIST_FILE = PICeTimer/Info.plist;
				LD_RUNPATH_SEARCH_PATHS = (
					"$(inherited)",
					"@executable_path/Frameworks",
				);
				PRODUCT_BUNDLE_IDENTIFIER = uk.co.awardvetsci.PICeTimer;
				PRODUCT_NAME = "$(TARGET_NAME)";
				SWIFT_VERSION = 5.0;
				TARGETED_DEVICE_FAMILY = "1,2";
			};
			name = Release;
		};
		CE94639922E52237002EB5C7 /* Debug */ = {
			isa = XCBuildConfiguration;
			buildSettings = {
				BUNDLE_LOADER = "$(TEST_HOST)";
				CODE_SIGN_STYLE = Automatic;
				DEVELOPMENT_TEAM = 3LRB59KU97;
				INFOPLIST_FILE = PICeTimerTests/Info.plist;
				LD_RUNPATH_SEARCH_PATHS = (
					"$(inherited)",
					"@executable_path/Frameworks",
					"@loader_path/Frameworks",
				);
				PRODUCT_BUNDLE_IDENTIFIER = uk.co.awardvetsci.PICeTimerTests;
				PRODUCT_NAME = "$(TARGET_NAME)";
				SWIFT_VERSION = 5.0;
				TARGETED_DEVICE_FAMILY = "1,2";
				TEST_HOST = "$(BUILT_PRODUCTS_DIR)/PICeTimer.app/PICeTimer";
			};
			name = Debug;
		};
		CE94639A22E52237002EB5C7 /* Release */ = {
			isa = XCBuildConfiguration;
			buildSettings = {
				BUNDLE_LOADER = "$(TEST_HOST)";
				CODE_SIGN_STYLE = Automatic;
				DEVELOPMENT_TEAM = 3LRB59KU97;
				INFOPLIST_FILE = PICeTimerTests/Info.plist;
				LD_RUNPATH_SEARCH_PATHS = (
					"$(inherited)",
					"@executable_path/Frameworks",
					"@loader_path/Frameworks",
				);
				PRODUCT_BUNDLE_IDENTIFIER = uk.co.awardvetsci.PICeTimerTests;
				PRODUCT_NAME = "$(TARGET_NAME)";
				SWIFT_VERSION = 5.0;
				TARGETED_DEVICE_FAMILY = "1,2";
				TEST_HOST = "$(BUILT_PRODUCTS_DIR)/PICeTimer.app/PICeTimer";
			};
			name = Release;
		};
/* End XCBuildConfiguration section */

/* Begin XCConfigurationList section */
		CE94634222E50C5A002EB5C7 /* Build configuration list for PBXProject "PICeTimer" */ = {
			isa = XCConfigurationList;
			buildConfigurations = (
				CE94636F22E50C5C002EB5C7 /* Debug */,
				CE94637022E50C5C002EB5C7 /* Release */,
			);
			defaultConfigurationIsVisible = 0;
			defaultConfigurationName = Release;
		};
		CE94637122E50C5C002EB5C7 /* Build configuration list for PBXNativeTarget "PICeTimer" */ = {
			isa = XCConfigurationList;
			buildConfigurations = (
				CE94637222E50C5C002EB5C7 /* Debug */,
				CE94637322E50C5C002EB5C7 /* Release */,
			);
			defaultConfigurationIsVisible = 0;
			defaultConfigurationName = Release;
		};
		CE94639822E52237002EB5C7 /* Build configuration list for PBXNativeTarget "PICeTimerTests" */ = {
			isa = XCConfigurationList;
			buildConfigurations = (
				CE94639922E52237002EB5C7 /* Debug */,
				CE94639A22E52237002EB5C7 /* Release */,
			);
			defaultConfigurationIsVisible = 0;
			defaultConfigurationName = Release;
		};
/* End XCConfigurationList section */
	};
	rootObject = CE94633F22E50C5A002EB5C7 /* Project object */;
}
